# This file is automatically @generated by Cargo.
# It is not intended for manual editing.
version = 3

[[package]]
name = "collector"
version = "0.1.0"

[[package]]
name = "errerneous_handler"
version = "0.1.0"

[[package]]
name = "ids_harvester"
version = "0.1.0"

[[package]]
name = "logs_etl"
version = "0.1.0"

[[package]]
name = "types"
version = "0.1.0"
